
Microsoft Visual Studio Solution File, Format Version 12.00
# Visual Studio Version 17
VisualStudioVersion = 17.6.33829.357
MinimumVisualStudioVersion = 10.0.40219.1
Project("{FAE04EC0-301F-11D3-BF4B-00C04F79EFBC}") = "Presentation", "WindowsFormsApp1\Presentation.csproj", "{199837D6-47DE-48CA-9FBD-9FB798737945}"
EndProject
Project("{FAE04EC0-301F-11D3-BF4B-00C04F79EFBC}") = "DataAccess", "DataAccess\DataAccess.csproj", "{0AF6382A-B742-4E52-99B2-58E368CD69EC}"
EndProject
Project("{FAE04EC0-301F-11D3-BF4B-00C04F79EFBC}") = "Business", "Business\Business.csproj", "{C1B00B9C-42EA-4BED-88C2-124480DC6F1B}"
EndProject
Global
	GlobalSection(SolutionConfigurationPlatforms) = preSolution
		Debug|Any CPU = Debug|Any CPU
		Release|Any CPU = Release|Any CPU
	EndGlobalSection
	GlobalSection(ProjectConfigurationPlatforms) = postSolution
		{199837D6-47DE-48CA-9FBD-9FB798737945}.Debug|Any CPU.ActiveCfg = Debug|Any CPU
		{199837D6-47DE-48CA-9FBD-9FB798737945}.Debug|Any CPU.Build.0 = Debug|Any CPU
		{199837D6-47DE-48CA-9FBD-9FB798737945}.Release|Any CPU.ActiveCfg = Release|Any CPU
		{199837D6-47DE-48CA-9FBD-9FB798737945}.Release|Any CPU.Build.0 = Release|Any CPU
		{0AF6382A-B742-4E52-99B2-58E368CD69EC}.Debug|Any CPU.ActiveCfg = Debug|Any CPU
		{0AF6382A-B742-4E52-99B2-58E368CD69EC}.Debug|Any CPU.Build.0 = Debug|Any CPU
		{0AF6382A-B742-4E52-99B2-58E368CD69EC}.Release|Any CPU.ActiveCfg = Release|Any CPU
		{0AF6382A-B742-4E52-99B2-58E368CD69EC}.Release|Any CPU.Build.0 = Release|Any CPU
		{C1B00B9C-42EA-4BED-88C2-124480DC6F1B}.Debug|Any CPU.ActiveCfg = Debug|Any CPU
		{C1B00B9C-42EA-4BED-88C2-124480DC6F1B}.Debug|Any CPU.Build.0 = Debug|Any CPU
		{C1B00B9C-42EA-4BED-88C2-124480DC6F1B}.Release|Any CPU.ActiveCfg = Release|Any CPU
		{C1B00B9C-42EA-4BED-88C2-124480DC6F1B}.Release|Any CPU.Build.0 = Release|Any CPU
	EndGlobalSection
	GlobalSection(SolutionProperties) = preSolution
		HideSolutionNode = FALSE
	EndGlobalSection
	GlobalSection(ExtensibilityGlobals) = postSolution
		SolutionGuid = {36AE41E1-E12B-4E86-B2AF-9B96EEBC4CA9}
	EndGlobalSection
EndGlobal
